
Microsoft Visual Studio Solution File, Format Version 12.00
# Visual Studio 15
VisualStudioVersion = 15.0.27703.2026
MinimumVisualStudioVersion = 10.0.40219.1
Project("{FAE04EC0-301F-11D3-BF4B-00C04F79EFBC}") = "EventTest", "EventTest\EventTest.csproj", "{0AF0356A-3763-4A92-992A-FB8AED48EB78}"
EndProject
Global
	GlobalSection(SolutionConfigurationPlatforms) = preSolution
		Debug|Any CPU = Debug|Any CPU
		Release|Any CPU = Release|Any CPU
	EndGlobalSection
	GlobalSection(ProjectConfigurationPlatforms) = postSolution
		{0AF0356A-3763-4A92-992A-FB8AED48EB78}.Debug|Any CPU.ActiveCfg = Debug|Any CPU
		{0AF0356A-3763-4A92-992A-FB8AED48EB78}.Debug|Any CPU.Build.0 = Debug|Any CPU
		{0AF0356A-3763-4A92-992A-FB8AED48EB78}.Release|Any CPU.ActiveCfg = Release|Any CPU
		{0AF0356A-3763-4A92-992A-FB8AED48EB78}.Release|Any CPU.Build.0 = Release|Any CPU
	EndGlobalSection
	GlobalSection(SolutionProperties) = preSolution
		HideSolutionNode = FALSE
	EndGlobalSection
	GlobalSection(ExtensibilityGlobals) = postSolution
		SolutionGuid = {F284A49F-C9CA-4B28-9BEF-8661D2586119}
	EndGlobalSection
EndGlobal
